
Microsoft Visual Studio Solution File, Format Version 12.00
# Visual Studio Version 16
VisualStudioVersion = 16.0.29728.190
MinimumVisualStudioVersion = 10.0.40219.1
Project("{9A19103F-16F7-4668-BE54-9A1E7A4F7556}") = "CosmosDBTest", "CosmosDBTest.csproj", "{D1930EF7-6AC3-4688-9F17-E328C601EE71}"
EndProject
Project("{9A19103F-16F7-4668-BE54-9A1E7A4F7556}") = "AzureTableStorage", "..\AzureTableStorage\AzureTableStorage.csproj", "{D75267EC-1661-4BE7-91D0-8F429D9444D4}"
EndProject
Project("{FAE04EC0-301F-11D3-BF4B-00C04F79EFBC}") = "XUnitTestProject1", "..\XUnitTestProject1\XUnitTestProject1.csproj", "{057E21CA-F421-4B88-9BED-B01B64D3EF23}"
EndProject
Global
	GlobalSection(SolutionConfigurationPlatforms) = preSolution
		Debug|Any CPU = Debug|Any CPU
		Release|Any CPU = Release|Any CPU
	EndGlobalSection
	GlobalSection(ProjectConfigurationPlatforms) = postSolution
		{D1930EF7-6AC3-4688-9F17-E328C601EE71}.Debug|Any CPU.ActiveCfg = Debug|Any CPU
		{D1930EF7-6AC3-4688-9F17-E328C601EE71}.Debug|Any CPU.Build.0 = Debug|Any CPU
		{D1930EF7-6AC3-4688-9F17-E328C601EE71}.Release|Any CPU.ActiveCfg = Release|Any CPU
		{D1930EF7-6AC3-4688-9F17-E328C601EE71}.Release|Any CPU.Build.0 = Release|Any CPU
		{D75267EC-1661-4BE7-91D0-8F429D9444D4}.Debug|Any CPU.ActiveCfg = Debug|Any CPU
		{D75267EC-1661-4BE7-91D0-8F429D9444D4}.Debug|Any CPU.Build.0 = Debug|Any CPU
		{D75267EC-1661-4BE7-91D0-8F429D9444D4}.Release|Any CPU.ActiveCfg = Release|Any CPU
		{D75267EC-1661-4BE7-91D0-8F429D9444D4}.Release|Any CPU.Build.0 = Release|Any CPU
		{057E21CA-F421-4B88-9BED-B01B64D3EF23}.Debug|Any CPU.ActiveCfg = Debug|Any CPU
		{057E21CA-F421-4B88-9BED-B01B64D3EF23}.Debug|Any CPU.Build.0 = Debug|Any CPU
		{057E21CA-F421-4B88-9BED-B01B64D3EF23}.Release|Any CPU.ActiveCfg = Release|Any CPU
		{057E21CA-F421-4B88-9BED-B01B64D3EF23}.Release|Any CPU.Build.0 = Release|Any CPU
	EndGlobalSection
	GlobalSection(SolutionProperties) = preSolution
		HideSolutionNode = FALSE
	EndGlobalSection
	GlobalSection(ExtensibilityGlobals) = postSolution
		SolutionGuid = {5DF05251-C514-4C21-99BC-8D96CD4F0AA9}
	EndGlobalSection
EndGlobal
